
Microsoft Visual Studio Solution File, Format Version 12.00
# Visual Studio 15
Project("{FAE04EC0-301F-11D3-BF4B-00C04F79EFBC}") = "onconnect-lambda", "onconnect-lambda\onconnect-lambda.csproj", "{787C8222-6990-41DD-8F2F-2E7C2B097E22}"
EndProject
Project("{FAE04EC0-301F-11D3-BF4B-00C04F79EFBC}") = "ondisconnect-lambda", "ondisconnect-lambda\ondisconnect-lambda.csproj", "{F275C783-9589-4299-9211-22BC78D298C5}"
EndProject
Global
	GlobalSection(SolutionConfigurationPlatforms) = preSolution
		Debug|Any CPU = Debug|Any CPU
		Release|Any CPU = Release|Any CPU
	EndGlobalSection
	GlobalSection(ProjectConfigurationPlatforms) = postSolution
		{787C8222-6990-41DD-8F2F-2E7C2B097E22}.Debug|Any CPU.ActiveCfg = Debug|Any CPU
		{787C8222-6990-41DD-8F2F-2E7C2B097E22}.Debug|Any CPU.Build.0 = Debug|Any CPU
		{787C8222-6990-41DD-8F2F-2E7C2B097E22}.Release|Any CPU.ActiveCfg = Release|Any CPU
		{787C8222-6990-41DD-8F2F-2E7C2B097E22}.Release|Any CPU.Build.0 = Release|Any CPU
		{F275C783-9589-4299-9211-22BC78D298C5}.Debug|Any CPU.ActiveCfg = Debug|Any CPU
		{F275C783-9589-4299-9211-22BC78D298C5}.Debug|Any CPU.Build.0 = Debug|Any CPU
		{F275C783-9589-4299-9211-22BC78D298C5}.Release|Any CPU.ActiveCfg = Release|Any CPU
		{F275C783-9589-4299-9211-22BC78D298C5}.Release|Any CPU.Build.0 = Release|Any CPU
	EndGlobalSection
EndGlobal
